
Microsoft Visual Studio Solution File, Format Version 12.00
# Visual Studio Version 16
VisualStudioVersion = 16.0.31129.286
MinimumVisualStudioVersion = 10.0.40219.1
Project("{FAE04EC0-301F-11D3-BF4B-00C04F79EFBC}") = "AdCars.Android", "AdCars.Android\AdCars.Android.csproj", "{67E780A8-9CD9-4A77-BFF3-A89123D2AAB3}"
EndProject
Project("{FAE04EC0-301F-11D3-BF4B-00C04F79EFBC}") = "AdCars.iOS", "AdCars.iOS\AdCars.iOS.csproj", "{568629F2-7738-46BB-8349-5A10E7E25D55}"
EndProject
Project("{FAE04EC0-301F-11D3-BF4B-00C04F79EFBC}") = "AdCars", "AdCars\AdCars.csproj", "{1A10903E-7C32-4C2A-8248-F863C22740D3}"
EndProject
Global
	GlobalSection(SolutionConfigurationPlatforms) = preSolution
		Debug|Any CPU = Debug|Any CPU
		Debug|iPhone = Debug|iPhone
		Debug|iPhoneSimulator = Debug|iPhoneSimulator
		Release|Any CPU = Release|Any CPU
		Release|iPhone = Release|iPhone
		Release|iPhoneSimulator = Release|iPhoneSimulator
	EndGlobalSection
	GlobalSection(ProjectConfigurationPlatforms) = postSolution
		{67E780A8-9CD9-4A77-BFF3-A89123D2AAB3}.Debug|Any CPU.ActiveCfg = Debug|Any CPU
		{67E780A8-9CD9-4A77-BFF3-A89123D2AAB3}.Debug|Any CPU.Build.0 = Debug|Any CPU
		{67E780A8-9CD9-4A77-BFF3-A89123D2AAB3}.Debug|Any CPU.Deploy.0 = Debug|Any CPU
		{67E780A8-9CD9-4A77-BFF3-A89123D2AAB3}.Debug|iPhone.ActiveCfg = Debug|Any CPU
		{67E780A8-9CD9-4A77-BFF3-A89123D2AAB3}.Debug|iPhone.Build.0 = Debug|Any CPU
		{67E780A8-9CD9-4A77-BFF3-A89123D2AAB3}.Debug|iPhone.Deploy.0 = Debug|Any CPU
		{67E780A8-9CD9-4A77-BFF3-A89123D2AAB3}.Debug|iPhoneSimulator.ActiveCfg = Debug|Any CPU
		{67E780A8-9CD9-4A77-BFF3-A89123D2AAB3}.Debug|iPhoneSimulator.Build.0 = Debug|Any CPU
		{67E780A8-9CD9-4A77-BFF3-A89123D2AAB3}.Debug|iPhoneSimulator.Deploy.0 = Debug|Any CPU
		{67E780A8-9CD9-4A77-BFF3-A89123D2AAB3}.Release|Any CPU.ActiveCfg = Release|Any CPU
		{67E780A8-9CD9-4A77-BFF3-A89123D2AAB3}.Release|Any CPU.Build.0 = Release|Any CPU
		{67E780A8-9CD9-4A77-BFF3-A89123D2AAB3}.Release|Any CPU.Deploy.0 = Release|Any CPU
		{67E780A8-9CD9-4A77-BFF3-A89123D2AAB3}.Release|iPhone.ActiveCfg = Release|Any CPU
		{67E780A8-9CD9-4A77-BFF3-A89123D2AAB3}.Release|iPhone.Build.0 = Release|Any CPU
		{67E780A8-9CD9-4A77-BFF3-A89123D2AAB3}.Release|iPhone.Deploy.0 = Release|Any CPU
		{67E780A8-9CD9-4A77-BFF3-A89123D2AAB3}.Release|iPhoneSimulator.ActiveCfg = Release|Any CPU
		{67E780A8-9CD9-4A77-BFF3-A89123D2AAB3}.Release|iPhoneSimulator.Build.0 = Release|Any CPU
		{67E780A8-9CD9-4A77-BFF3-A89123D2AAB3}.Release|iPhoneSimulator.Deploy.0 = Release|Any CPU
		{568629F2-7738-46BB-8349-5A10E7E25D55}.Debug|Any CPU.ActiveCfg = Debug|iPhone
		{568629F2-7738-46BB-8349-5A10E7E25D55}.Debug|Any CPU.Build.0 = Debug|iPhone
		{568629F2-7738-46BB-8349-5A10E7E25D55}.Debug|Any CPU.Deploy.0 = Debug|iPhone
		{568629F2-7738-46BB-8349-5A10E7E25D55}.Debug|iPhone.ActiveCfg = Debug|iPhone
		{568629F2-7738-46BB-8349-5A10E7E25D55}.Debug|iPhone.Build.0 = Debug|iPhone
		{568629F2-7738-46BB-8349-5A10E7E25D55}.Debug|iPhone.Deploy.0 = Debug|iPhone
		{568629F2-7738-46BB-8349-5A10E7E25D55}.Debug|iPhoneSimulator.ActiveCfg = Debug|iPhoneSimulator
		{568629F2-7738-46BB-8349-5A10E7E25D55}.Debug|iPhoneSimulator.Build.0 = Debug|iPhoneSimulator
		{568629F2-7738-46BB-8349-5A10E7E25D55}.Debug|iPhoneSimulator.Deploy.0 = Debug|iPhoneSimulator
		{568629F2-7738-46BB-8349-5A10E7E25D55}.Release|Any CPU.ActiveCfg = Release|iPhoneSimulator
		{568629F2-7738-46BB-8349-5A10E7E25D55}.Release|Any CPU.Build.0 = Release|iPhoneSimulator
		{568629F2-7738-46BB-8349-5A10E7E25D55}.Release|Any CPU.Deploy.0 = Release|iPhoneSimulator
		{568629F2-7738-46BB-8349-5A10E7E25D55}.Release|iPhone.ActiveCfg = Release|iPhone
		{568629F2-7738-46BB-8349-5A10E7E25D55}.Release|iPhone.Build.0 = Release|iPhone
		{568629F2-7738-46BB-8349-5A10E7E25D55}.Release|iPhone.Deploy.0 = Release|iPhone
		{568629F2-7738-46BB-8349-5A10E7E25D55}.Release|iPhoneSimulator.ActiveCfg = Release|iPhoneSimulator
		{568629F2-7738-46BB-8349-5A10E7E25D55}.Release|iPhoneSimulator.Build.0 = Release|iPhoneSimulator
		{568629F2-7738-46BB-8349-5A10E7E25D55}.Release|iPhoneSimulator.Deploy.0 = Release|iPhoneSimulator
		{1A10903E-7C32-4C2A-8248-F863C22740D3}.Debug|Any CPU.ActiveCfg = Debug|Any CPU
		{1A10903E-7C32-4C2A-8248-F863C22740D3}.Debug|Any CPU.Build.0 = Debug|Any CPU
		{1A10903E-7C32-4C2A-8248-F863C22740D3}.Debug|Any CPU.Deploy.0 = Debug|Any CPU
		{1A10903E-7C32-4C2A-8248-F863C22740D3}.Debug|iPhone.ActiveCfg = Debug|Any CPU
		{1A10903E-7C32-4C2A-8248-F863C22740D3}.Debug|iPhone.Build.0 = Debug|Any CPU
		{1A10903E-7C32-4C2A-8248-F863C22740D3}.Debug|iPhone.Deploy.0 = Debug|Any CPU
		{1A10903E-7C32-4C2A-8248-F863C22740D3}.Debug|iPhoneSimulator.ActiveCfg = Debug|Any CPU
		{1A10903E-7C32-4C2A-8248-F863C22740D3}.Debug|iPhoneSimulator.Build.0 = Debug|Any CPU
		{1A10903E-7C32-4C2A-8248-F863C22740D3}.Debug|iPhoneSimulator.Deploy.0 = Debug|Any CPU
		{1A10903E-7C32-4C2A-8248-F863C22740D3}.Release|Any CPU.ActiveCfg = Release|Any CPU
		{1A10903E-7C32-4C2A-8248-F863C22740D3}.Release|Any CPU.Build.0 = Release|Any CPU
		{1A10903E-7C32-4C2A-8248-F863C22740D3}.Release|Any CPU.Deploy.0 = Release|Any CPU
		{1A10903E-7C32-4C2A-8248-F863C22740D3}.Release|iPhone.ActiveCfg = Release|Any CPU
		{1A10903E-7C32-4C2A-8248-F863C22740D3}.Release|iPhone.Build.0 = Release|Any CPU
		{1A10903E-7C32-4C2A-8248-F863C22740D3}.Release|iPhone.Deploy.0 = Release|Any CPU
		{1A10903E-7C32-4C2A-8248-F863C22740D3}.Release|iPhoneSimulator.ActiveCfg = Release|Any CPU
		{1A10903E-7C32-4C2A-8248-F863C22740D3}.Release|iPhoneSimulator.Build.0 = Release|Any CPU
		{1A10903E-7C32-4C2A-8248-F863C22740D3}.Release|iPhoneSimulator.Deploy.0 = Release|Any CPU
	EndGlobalSection
	GlobalSection(SolutionProperties) = preSolution
		HideSolutionNode = FALSE
	EndGlobalSection
	GlobalSection(ExtensibilityGlobals) = postSolution
		SolutionGuid = {12BAD61E-726A-4367-B609-E9FC93AA05D5}
	EndGlobalSection
EndGlobal
